
Microsoft Visual Studio Solution File, Format Version 12.00
# Visual Studio Version 17
VisualStudioVersion = 17.13.35919.96
MinimumVisualStudioVersion = 10.0.40219.1
Project("{FAE04EC0-301F-11D3-BF4B-00C04F79EFBC}") = "WinTitle", "WinTitle.csproj", "{1BA4AB1F-0893-730E-3907-E59BE244C54F}"
EndProject
Global
	GlobalSection(SolutionConfigurationPlatforms) = preSolution
		Debug|x64 = Debug|x64
		Release|x64 = Release|x64
	EndGlobalSection
	GlobalSection(ProjectConfigurationPlatforms) = postSolution
		{1BA4AB1F-0893-730E-3907-E59BE244C54F}.Debug|x64.ActiveCfg = Debug|x64
		{1BA4AB1F-0893-730E-3907-E59BE244C54F}.Debug|x64.Build.0 = Debug|x64
		{1BA4AB1F-0893-730E-3907-E59BE244C54F}.Release|x64.ActiveCfg = Release|x64
		{1BA4AB1F-0893-730E-3907-E59BE244C54F}.Release|x64.Build.0 = Release|x64
	EndGlobalSection
	GlobalSection(SolutionProperties) = preSolution
		HideSolutionNode = FALSE
	EndGlobalSection
	GlobalSection(ExtensibilityGlobals) = postSolution
		SolutionGuid = {BE002CEE-67C6-4EFD-A33E-C8486760994B}
	EndGlobalSection
EndGlobal
